
Microsoft Visual Studio Solution File, Format Version 12.00
# Visual Studio Version 16
VisualStudioVersion = 16.0.28803.202
MinimumVisualStudioVersion = 10.0.40219.1
Project("{FAE04EC0-301F-11D3-BF4B-00C04F79EFBC}") = "TP-Matematica-Superior", "TP-Matematica-Superior.csproj", "{CBC24E54-F09B-4117-AC54-7688B332C543}"
EndProject
Global
	GlobalSection(SolutionConfigurationPlatforms) = preSolution
		Debug|Any CPU = Debug|Any CPU
		Release|Any CPU = Release|Any CPU
	EndGlobalSection
	GlobalSection(ProjectConfigurationPlatforms) = postSolution
		{CBC24E54-F09B-4117-AC54-7688B332C543}.Debug|Any CPU.ActiveCfg = Debug|Any CPU
		{CBC24E54-F09B-4117-AC54-7688B332C543}.Debug|Any CPU.Build.0 = Debug|Any CPU
		{CBC24E54-F09B-4117-AC54-7688B332C543}.Release|Any CPU.ActiveCfg = Release|Any CPU
		{CBC24E54-F09B-4117-AC54-7688B332C543}.Release|Any CPU.Build.0 = Release|Any CPU
	EndGlobalSection
	GlobalSection(SolutionProperties) = preSolution
		HideSolutionNode = FALSE
	EndGlobalSection
	GlobalSection(ExtensibilityGlobals) = postSolution
		SolutionGuid = {8E9CC959-99EA-48A7-88AD-3C01F61C080D}
	EndGlobalSection
EndGlobal
