
Microsoft Visual Studio Solution File, Format Version 12.00
# Visual Studio Version 16
VisualStudioVersion = 16.0.28803.452
MinimumVisualStudioVersion = 10.0.40219.1
Project("{FAE04EC0-301F-11D3-BF4B-00C04F79EFBC}") = "TP-MateSuperior-Final", "TP-MateSuperior-Final\TP-MateSuperior-Final.csproj", "{1FFC9105-BC40-42FE-B789-3C6329CE65EA}"
EndProject
Global
	GlobalSection(SolutionConfigurationPlatforms) = preSolution
		Debug|Any CPU = Debug|Any CPU
		Release|Any CPU = Release|Any CPU
	EndGlobalSection
	GlobalSection(ProjectConfigurationPlatforms) = postSolution
		{1FFC9105-BC40-42FE-B789-3C6329CE65EA}.Debug|Any CPU.ActiveCfg = Debug|Any CPU
		{1FFC9105-BC40-42FE-B789-3C6329CE65EA}.Debug|Any CPU.Build.0 = Debug|Any CPU
		{1FFC9105-BC40-42FE-B789-3C6329CE65EA}.Release|Any CPU.ActiveCfg = Release|Any CPU
		{1FFC9105-BC40-42FE-B789-3C6329CE65EA}.Release|Any CPU.Build.0 = Release|Any CPU
	EndGlobalSection
	GlobalSection(SolutionProperties) = preSolution
		HideSolutionNode = FALSE
	EndGlobalSection
	GlobalSection(ExtensibilityGlobals) = postSolution
		SolutionGuid = {4CA0FECE-A2A3-4501-902F-4A38ADB6567A}
	EndGlobalSection
EndGlobal
